// !$*UTF8*$!
{
	archiveVersion = 1;
	classes = {
	};
	objectVersion = 46;
	objects = {

/* Begin PBXBuildFile section */
		688D30EB17E9971C00BE54E3 /* UIKit.framework in Frameworks */ = {isa = PBXBuildFile; fileRef = 688D30EA17E9971C00BE54E3 /* UIKit.framework */; };
		688D30ED17E9971C00BE54E3 /* Foundation.framework in Frameworks */ = {isa = PBXBuildFile; fileRef = 688D30EC17E9971C00BE54E3 /* Foundation.framework */; };
		688D30EF17E9971C00BE54E3 /* CoreGraphics.framework in Frameworks */ = {isa = PBXBuildFile; fileRef = 688D30EE17E9971C00BE54E3 /* CoreGraphics.framework */; };
		688D30F517E9971C00BE54E3 /* InfoPlist.strings in Resources */ = {isa = PBXBuildFile; fileRef = 688D30F317E9971C00BE54E3 /* InfoPlist.strings */; };
		688D30F717E9971C00BE54E3 /* main.m in Sources */ = {isa = PBXBuildFile; fileRef = 688D30F617E9971C00BE54E3 /* main.m */; };
		688D30FB17E9971C00BE54E3 /* AppDelegate.m in Sources */ = {isa = PBXBuildFile; fileRef = 688D30FA17E9971C00BE54E3 /* AppDelegate.m */; };
		688D30FD17E9971C00BE54E3 /* Default.png in Resources */ = {isa = PBXBuildFile; fileRef = 688D30FC17E9971C00BE54E3 /* Default.png */; };
		688D30FF17E9971C00BE54E3 /* Default@2x.png in Resources */ = {isa = PBXBuildFile; fileRef = 688D30FE17E9971C00BE54E3 /* Default@2x.png */; };
		688D310117E9971C00BE54E3 /* Default-568h@2x.png in Resources */ = {isa = PBXBuildFile; fileRef = 688D310017E9971C00BE54E3 /* Default-568h@2x.png */; };
		688D310417E9971C00BE54E3 /* ViewController.m in Sources */ = {isa = PBXBuildFile; fileRef = 688D310317E9971C00BE54E3 /* ViewController.m */; };
		688D310717E9971C00BE54E3 /* ViewController_iPhone.xib in Resources */ = {isa = PBXBuildFile; fileRef = 688D310517E9971C00BE54E3 /* ViewController_iPhone.xib */; };
		688D310A17E9971C00BE54E3 /* ViewController_iPad.xib in Resources */ = {isa = PBXBuildFile; fileRef = 688D310817E9971C00BE54E3 /* ViewController_iPad.xib */; };
		688D311517E9991800BE54E3 /* NSDate+FormatString.m in Sources */ = {isa = PBXBuildFile; fileRef = 688D311417E9991800BE54E3 /* NSDate+FormatString.m */; };
/* End PBXBuildFile section */

/* Begin PBXFileReference section */
		688D30E717E9971C00BE54E3 /* CategoriesTutorial.app */ = {isa = PBXFileReference; explicitFileType = wrapper.application; includeInIndex = 0; path = CategoriesTutorial.app; sourceTree = BUILT_PRODUCTS_DIR; };
		688D30EA17E9971C00BE54E3 /* UIKit.framework */ = {isa = PBXFileReference; lastKnownFileType = wrapper.framework; name = UIKit.framework; path = System/Library/Frameworks/UIKit.framework; sourceTree = SDKROOT; };
		688D30EC17E9971C00BE54E3 /* Foundation.framework */ = {isa = PBXFileReference; lastKnownFileType = wrapper.framework; name = Foundation.framework; path = System/Library/Frameworks/Foundation.framework; sourceTree = SDKROOT; };
		688D30EE17E9971C00BE54E3 /* CoreGraphics.framework */ = {isa = PBXFileReference; lastKnownFileType = wrapper.framework; name = CoreGraphics.framework; path = System/Library/Frameworks/CoreGraphics.framework; sourceTree = SDKROOT; };
		688D30F217E9971C00BE54E3 /* CategoriesTutorial-Info.plist */ = {isa = PBXFileReference; lastKnownFileType = text.plist.xml; path = "CategoriesTutorial-Info.plist"; sourceTree = "<group>"; };
		688D30F417E9971C00BE54E3 /* en */ = {isa = PBXFileReference; lastKnownFileType = text.plist.strings; name = en; path = en.lproj/InfoPlist.strings; sourceTree = "<group>"; };
		688D30F617E9971C00BE54E3 /* main.m */ = {isa = PBXFileReference; lastKnownFileType = sourcecode.c.objc; path = main.m; sourceTree = "<group>"; };
		688D30F817E9971C00BE54E3 /* CategoriesTutorial-Prefix.pch */ = {isa = PBXFileReference; lastKnownFileType = sourcecode.c.h; path = "CategoriesTutorial-Prefix.pch"; sourceTree = "<group>"; };
		688D30F917E9971C00BE54E3 /* AppDelegate.h */ = {isa = PBXFileReference; lastKnownFileType = sourcecode.c.h; path = AppDelegate.h; sourceTree = "<group>"; };
		688D30FA17E9971C00BE54E3 /* AppDelegate.m */ = {isa = PBXFileReference; lastKnownFileType = sourcecode.c.objc; path = AppDelegate.m; sourceTree = "<group>"; };
		688D30FC17E9971C00BE54E3 /* Default.png */ = {isa = PBXFileReference; lastKnownFileType = image.png; path = Default.png; sourceTree = "<group>"; };
		688D30FE17E9971C00BE54E3 /* Default@2x.png */ = {isa = PBXFileReference; lastKnownFileType = image.png; path = "Default@2x.png"; sourceTree = "<group>"; };
		688D310017E9971C00BE54E3 /* Default-568h@2x.png */ = {isa = PBXFileReference; lastKnownFileType = image.png; path = "Default-568h@2x.png"; sourceTree = "<group>"; };
		688D310217E9971C00BE54E3 /* ViewController.h */ = {isa = PBXFileReference; lastKnownFileType = sourcecode.c.h; path = ViewController.h; sourceTree = "<group>"; };
		688D310317E9971C00BE54E3 /* ViewController.m */ = {isa = PBXFileReference; lastKnownFileType = sourcecode.c.objc; path = ViewController.m; sourceTree = "<group>"; };
		688D310617E9971C00BE54E3 /* en */ = {isa = PBXFileReference; lastKnownFileType = file.xib; name = en; path = en.lproj/ViewController_iPhone.xib; sourceTree = "<group>"; };
		688D310917E9971C00BE54E3 /* en */ = {isa = PBXFileReference; lastKnownFileType = file.xib; name = en; path = en.lproj/ViewController_iPad.xib; sourceTree = "<group>"; };
		688D311317E9991800BE54E3 /* NSDate+FormatString.h */ = {isa = PBXFileReference; fileEncoding = 4; lastKnownFileType = sourcecode.c.h; path = "NSDate+FormatString.h"; sourceTree = "<group>"; };
		688D311417E9991800BE54E3 /* NSDate+FormatString.m */ = {isa = PBXFileReference; fileEncoding = 4; lastKnownFileType = sourcecode.c.objc; path = "NSDate+FormatString.m"; sourceTree = "<group>"; };
/* End PBXFileReference section */

/* Begin PBXFrameworksBuildPhase section */
		688D30E417E9971C00BE54E3 /* Frameworks */ = {
			isa = PBXFrameworksBuildPhase;
			buildActionMask = 2147483647;
			files = (
				688D30EB17E9971C00BE54E3 /* UIKit.framework in Frameworks */,
				688D30ED17E9971C00BE54E3 /* Foundation.framework in Frameworks */,
				688D30EF17E9971C00BE54E3 /* CoreGraphics.framework in Frameworks */,
			);
			runOnlyForDeploymentPostprocessing = 0;
		};
/* End PBXFrameworksBuildPhase section */

/* Begin PBXGroup section */
		688D30DE17E9971C00BE54E3 = {
			isa = PBXGroup;
			children = (
				688D30F017E9971C00BE54E3 /* CategoriesTutorial */,
				688D30E917E9971C00BE54E3 /* Frameworks */,
				688D30E817E9971C00BE54E3 /* Products */,
			);
			sourceTree = "<group>";
		};
		688D30E817E9971C00BE54E3 /* Products */ = {
			isa = PBXGroup;
			children = (
				688D30E717E9971C00BE54E3 /* CategoriesTutorial.app */,
			);
			name = Products;
			sourceTree = "<group>";
		};
		688D30E917E9971C00BE54E3 /* Frameworks */ = {
			isa = PBXGroup;
			children = (
				688D30EA17E9971C00BE54E3 /* UIKit.framework */,
				688D30EC17E9971C00BE54E3 /* Foundation.framework */,
				688D30EE17E9971C00BE54E3 /* CoreGraphics.framework */,
			);
			name = Frameworks;
			sourceTree = "<group>";
		};
		688D30F017E9971C00BE54E3 /* CategoriesTutorial */ = {
			isa = PBXGroup;
			children = (
				688D30F917E9971C00BE54E3 /* AppDelegate.h */,
				688D30FA17E9971C00BE54E3 /* AppDelegate.m */,
				688D310217E9971C00BE54E3 /* ViewController.h */,
				688D310317E9971C00BE54E3 /* ViewController.m */,
				688D310517E9971C00BE54E3 /* ViewController_iPhone.xib */,
				688D310817E9971C00BE54E3 /* ViewController_iPad.xib */,
				688D311317E9991800BE54E3 /* NSDate+FormatString.h */,
				688D311417E9991800BE54E3 /* NSDate+FormatString.m */,
				688D30F117E9971C00BE54E3 /* Supporting Files */,
			);
			path = CategoriesTutorial;
			sourceTree = "<group>";
		};
		688D30F117E9971C00BE54E3 /* Supporting Files */ = {
			isa = PBXGroup;
			children = (
				688D30F217E9971C00BE54E3 /* CategoriesTutorial-Info.plist */,
				688D30F317E9971C00BE54E3 /* InfoPlist.strings */,
				688D30F617E9971C00BE54E3 /* main.m */,
				688D30F817E9971C00BE54E3 /* CategoriesTutorial-Prefix.pch */,
				688D30FC17E9971C00BE54E3 /* Default.png */,
				688D30FE17E9971C00BE54E3 /* Default@2x.png */,
				688D310017E9971C00BE54E3 /* Default-568h@2x.png */,
			);
			name = "Supporting Files";
			sourceTree = "<group>";
		};
/* End PBXGroup section */

/* Begin PBXNativeTarget section */
		688D30E617E9971C00BE54E3 /* CategoriesTutorial */ = {
			isa = PBXNativeTarget;
			buildConfigurationList = 688D310D17E9971C00BE54E3 /* Build configuration list for PBXNativeTarget "CategoriesTutorial" */;
			buildPhases = (
				688D30E317E9971C00BE54E3 /* Sources */,
				688D30E417E9971C00BE54E3 /* Frameworks */,
				688D30E517E9971C00BE54E3 /* Resources */,
			);
			buildRules = (
			);
			dependencies = (
			);
			name = CategoriesTutorial;
			productName = CategoriesTutorial;
			productReference = 688D30E717E9971C00BE54E3 /* CategoriesTutorial.app */;
			productType = "com.apple.product-type.application";
		};
/* End PBXNativeTarget section */

/* Begin PBXProject section */
		688D30DF17E9971C00BE54E3 /* Project object */ = {
			isa = PBXProject;
			attributes = {
				LastUpgradeCheck = 0460;
				ORGANIZATIONNAME = "Flip Infotech";
			};
			buildConfigurationList = 688D30E217E9971C00BE54E3 /* Build configuration list for PBXProject "CategoriesTutorial" */;
			compatibilityVersion = "Xcode 3.2";
			developmentRegion = English;
			hasScannedForEncodings = 0;
			knownRegions = (
				en,
			);
			mainGroup = 688D30DE17E9971C00BE54E3;
			productRefGroup = 688D30E817E9971C00BE54E3 /* Products */;
			projectDirPath = "";
			projectRoot = "";
			targets = (
				688D30E617E9971C00BE54E3 /* CategoriesTutorial */,
			);
		};
/* End PBXProject section */

/* Begin PBXResourcesBuildPhase section */
		688D30E517E9971C00BE54E3 /* Resources */ = {
			isa = PBXResourcesBuildPhase;
			buildActionMask = 2147483647;
			files = (
				688D30F517E9971C00BE54E3 /* InfoPlist.strings in Resources */,
				688D30FD17E9971C00BE54E3 /* Default.png in Resources */,
				688D30FF17E9971C00BE54E3 /* Default@2x.png in Resources */,
				688D310117E9971C00BE54E3 /* Default-568h@2x.png in Resources */,
				688D310717E9971C00BE54E3 /* ViewController_iPhone.xib in Resources */,
				688D310A17E9971C00BE54E3 /* ViewController_iPad.xib in Resources */,
			);
			runOnlyForDeploymentPostprocessing = 0;
		};
/* End PBXResourcesBuildPhase section */

/* Begin PBXSourcesBuildPhase section */
		688D30E317E9971C00BE54E3 /* Sources */ = {
			isa = PBXSourcesBuildPhase;
			buildActionMask = 2147483647;
			files = (
				688D30F717E9971C00BE54E3 /* main.m in Sources */,
				688D30FB17E9971C00BE54E3 /* AppDelegate.m in Sources */,
				688D310417E9971C00BE54E3 /* ViewController.m in Sources */,
				688D311517E9991800BE54E3 /* NSDate+FormatString.m in Sources */,
			);
			runOnlyForDeploymentPostprocessing = 0;
		};
/* End PBXSourcesBuildPhase section */

/* Begin PBXVariantGroup section */
		688D30F317E9971C00BE54E3 /* InfoPlist.strings */ = {
			isa = PBXVariantGroup;
			children = (
				688D30F417E9971C00BE54E3 /* en */,
			);
			name = InfoPlist.strings;
			sourceTree = "<group>";
		};
		688D310517E9971C00BE54E3 /* ViewController_iPhone.xib */ = {
			isa = PBXVariantGroup;
			children = (
				688D310617E9971C00BE54E3 /* en */,
			);
			name = ViewController_iPhone.xib;
			sourceTree = "<group>";
		};
		688D310817E9971C00BE54E3 /* ViewController_iPad.xib */ = {
			isa = PBXVariantGroup;
			children = (
				688D310917E9971C00BE54E3 /* en */,
			);
			name = ViewController_iPad.xib;
			sourceTree = "<group>";
		};
/* End PBXVariantGroup section */

/* Begin XCBuildConfiguration section */
		688D310B17E9971C00BE54E3 /* Debug */ = {
			isa = XCBuildConfiguration;
			buildSettings = {
				ALWAYS_SEARCH_USER_PATHS = NO;
				CLANG_CXX_LANGUAGE_STANDARD = "gnu++0x";
				CLANG_CXX_LIBRARY = "libc++";
				CLANG_WARN_CONSTANT_CONVERSION = YES;
				CLANG_WARN_EMPTY_BODY = YES;
				CLANG_WARN_ENUM_CONVERSION = YES;
				CLANG_WARN_INT_CONVERSION = YES;
				CLANG_WARN__DUPLICATE_METHOD_MATCH = YES;
				"CODE_SIGN_IDENTITY[sdk=iphoneos*]" = "iPhone Developer";
				COPY_PHASE_STRIP = NO;
				GCC_C_LANGUAGE_STANDARD = gnu99;
				GCC_DYNAMIC_NO_PIC = NO;
				GCC_OPTIMIZATION_LEVEL = 0;
				GCC_PREPROCESSOR_DEFINITIONS = (
					"DEBUG=1",
					"$(inherited)",
				);
				GCC_SYMBOLS_PRIVATE_EXTERN = NO;
				GCC_WARN_ABOUT_RETURN_TYPE = YES;
				GCC_WARN_UNINITIALIZED_AUTOS = YES;
				GCC_WARN_UNUSED_VARIABLE = YES;
				IPHONEOS_DEPLOYMENT_TARGET = 6.1;
				ONLY_ACTIVE_ARCH = YES;
				SDKROOT = iphoneos;
				TARGETED_DEVICE_FAMILY = "1,2";
			};
			name = Debug;
		};
		688D310C17E9971C00BE54E3 /* Release */ = {
			isa = XCBuildConfiguration;
			buildSettings = {
				ALWAYS_SEARCH_USER_PATHS = NO;
				CLANG_CXX_LANGUAGE_STANDARD = "gnu++0x";
				CLANG_CXX_LIBRARY = "libc++";
				CLANG_WARN_CONSTANT_CONVERSION = YES;
				CLANG_WARN_EMPTY_BODY = YES;
				CLANG_WARN_ENUM_CONVERSION = YES;
				CLANG_WARN_INT_CONVERSION = YES;
				CLANG_WARN__DUPLICATE_METHOD_MATCH = YES;
				"CODE_SIGN_IDENTITY[sdk=iphoneos*]" = "iPhone Developer";
				COPY_PHASE_STRIP = YES;
				GCC_C_LANGUAGE_STANDARD = gnu99;
				GCC_WARN_ABOUT_RETURN_TYPE = YES;
				GCC_WARN_UNINITIALIZED_AUTOS = YES;
				GCC_WARN_UNUSED_VARIABLE = YES;
				IPHONEOS_DEPLOYMENT_TARGET = 6.1;
				OTHER_CFLAGS = "-DNS_BLOCK_ASSERTIONS=1";
				SDKROOT = iphoneos;
				TARGETED_DEVICE_FAMILY = "1,2";
				VALIDATE_PRODUCT = YES;
			};
			name = Release;
		};
		688D310E17E9971C00BE54E3 /* Debug */ = {
			isa = XCBuildConfiguration;
			buildSettings = {
				GCC_PRECOMPILE_PREFIX_HEADER = YES;
				GCC_PREFIX_HEADER = "CategoriesTutorial/CategoriesTutorial-Prefix.pch";
				INFOPLIST_FILE = "CategoriesTutorial/CategoriesTutorial-Info.plist";
				PRODUCT_NAME = "$(TARGET_NAME)";
				WRAPPER_EXTENSION = app;
			};
			name = Debug;
		};
		688D310F17E9971C00BE54E3 /* Release */ = {
			isa = XCBuildConfiguration;
			buildSettings = {
				GCC_PRECOMPILE_PREFIX_HEADER = YES;
				GCC_PREFIX_HEADER = "CategoriesTutorial/CategoriesTutorial-Prefix.pch";
				INFOPLIST_FILE = "CategoriesTutorial/CategoriesTutorial-Info.plist";
				PRODUCT_NAME = "$(TARGET_NAME)";
				WRAPPER_EXTENSION = app;
			};
			name = Release;
		};
/* End XCBuildConfiguration section */

/* Begin XCConfigurationList section */
		688D30E217E9971C00BE54E3 /* Build configuration list for PBXProject "CategoriesTutorial" */ = {
			isa = XCConfigurationList;
			buildConfigurations = (
				688D310B17E9971C00BE54E3 /* Debug */,
				688D310C17E9971C00BE54E3 /* Release */,
			);
			defaultConfigurationIsVisible = 0;
			defaultConfigurationName = Release;
		};
		688D310D17E9971C00BE54E3 /* Build configuration list for PBXNativeTarget "CategoriesTutorial" */ = {
			isa = XCConfigurationList;
			buildConfigurations = (
				688D310E17E9971C00BE54E3 /* Debug */,
				688D310F17E9971C00BE54E3 /* Release */,
			);
			defaultConfigurationIsVisible = 0;
		};
/* End XCConfigurationList section */
	};
	rootObject = 688D30DF17E9971C00BE54E3 /* Project object */;
}
